{
  "name": "koncurrent",
  "version": "3.2.3",
  "lockfileVersion": 3,
  "requires": true,
  "packages": {
    "": {
      "name": "koncurrent",
      "version": "3.2.3",
      "workspaces": [
        "packages/koncurrent-awaited-core",
        "packages/koncurrent-awaited-core-test",
        "packages/koncurrent-awaited-coroutines",
        "packages/koncurrent-awaited-coroutines-test",
        "packages/koncurrent-awaited-test",
        "packages/koncurrent-awaited-test-test",
        "packages/koncurrent-executors-core",
        "packages/koncurrent-executors-core-test",
        "packages/koncurrent-executors-coroutines",
        "packages/koncurrent-executors-coroutines-test",
        "packages/koncurrent-executors-mock",
        "packages/koncurrent-executors-mock-test",
        "packages/koncurrent-later-core",
        "packages/koncurrent-later-core-test",
        "packages/koncurrent-later-coroutines",
        "packages/koncurrent-later-coroutines-test",
        "packages/koncurrent-later-test",
        "packages/koncurrent-later-test-test",
        "packages/koncurrent-utils",
        "packages/koncurrent-utils-test",
        "packages_imported/kollections-primitive/3.2.3",
        "packages_imported/kase-core/3.2.3",
        "packages_imported/kollections-atomic/3.2.3",
        "packages_imported/kommander-coroutines/3.2.3",
        "packages_imported/kotlinx-interoperable-exports/3.2.3"
      ],
      "devDependencies": {}
    },
    "node_modules/kase-core": {
      "resolved": "packages_imported/kase-core/3.2.3",
      "link": true
    },
    "node_modules/kollections-atomic": {
      "resolved": "packages_imported/kollections-atomic/3.2.3",
      "link": true
    },
    "node_modules/kollections-primitive": {
      "resolved": "packages_imported/kollections-primitive/3.2.3",
      "link": true
    },
    "node_modules/kommander-coroutines": {
      "resolved": "packages_imported/kommander-coroutines/3.2.3",
      "link": true
    },
    "node_modules/koncurrent-awaited-core": {
      "resolved": "packages/koncurrent-awaited-core",
      "link": true
    },
    "node_modules/koncurrent-awaited-core-test": {
      "resolved": "packages/koncurrent-awaited-core-test",
      "link": true
    },
    "node_modules/koncurrent-awaited-coroutines": {
      "resolved": "packages/koncurrent-awaited-coroutines",
      "link": true
    },
    "node_modules/koncurrent-awaited-coroutines-test": {
      "resolved": "packages/koncurrent-awaited-coroutines-test",
      "link": true
    },
    "node_modules/koncurrent-awaited-test": {
      "resolved": "packages/koncurrent-awaited-test",
      "link": true
    },
    "node_modules/koncurrent-awaited-test-test": {
      "resolved": "packages/koncurrent-awaited-test-test",
      "link": true
    },
    "node_modules/koncurrent-executors-core": {
      "resolved": "packages/koncurrent-executors-core",
      "link": true
    },
    "node_modules/koncurrent-executors-core-test": {
      "resolved": "packages/koncurrent-executors-core-test",
      "link": true
    },
    "node_modules/koncurrent-executors-coroutines": {
      "resolved": "packages/koncurrent-executors-coroutines",
      "link": true
    },
    "node_modules/koncurrent-executors-coroutines-test": {
      "resolved": "packages/koncurrent-executors-coroutines-test",
      "link": true
    },
    "node_modules/koncurrent-executors-mock": {
      "resolved": "packages/koncurrent-executors-mock",
      "link": true
    },
    "node_modules/koncurrent-executors-mock-test": {
      "resolved": "packages/koncurrent-executors-mock-test",
      "link": true
    },
    "node_modules/koncurrent-later-core": {
      "resolved": "packages/koncurrent-later-core",
      "link": true
    },
    "node_modules/koncurrent-later-core-test": {
      "resolved": "packages/koncurrent-later-core-test",
      "link": true
    },
    "node_modules/koncurrent-later-coroutines": {
      "resolved": "packages/koncurrent-later-coroutines",
      "link": true
    },
    "node_modules/koncurrent-later-coroutines-test": {
      "resolved": "packages/koncurrent-later-coroutines-test",
      "link": true
    },
    "node_modules/koncurrent-later-test": {
      "resolved": "packages/koncurrent-later-test",
      "link": true
    },
    "node_modules/koncurrent-later-test-test": {
      "resolved": "packages/koncurrent-later-test-test",
      "link": true
    },
    "node_modules/koncurrent-utils": {
      "resolved": "packages/koncurrent-utils",
      "link": true
    },
    "node_modules/koncurrent-utils-test": {
      "resolved": "packages/koncurrent-utils-test",
      "link": true
    },
    "node_modules/kotlinx-interoperable-exports": {
      "resolved": "packages_imported/kotlinx-interoperable-exports/3.2.3",
      "link": true
    },
    "packages_imported/kase-core/3.1.14": {
      "name": "kase-core",
      "version": "3.1.14",
      "extraneous": true,
      "devDependencies": {}
    },
    "packages_imported/kase-core/3.2.2": {
      "name": "kase-core",
      "version": "3.2.2",
      "extraneous": true,
      "devDependencies": {}
    },
    "packages_imported/kase-core/3.2.3": {
      "version": "3.2.3",
      "devDependencies": {}
    },
    "packages_imported/kollections-atomic/3.1.14": {
      "name": "kollections-atomic",
      "version": "3.1.14",
      "extraneous": true,
      "devDependencies": {}
    },
    "packages_imported/kollections-atomic/3.2.2": {
      "name": "kollections-atomic",
      "version": "3.2.2",
      "extraneous": true,
      "devDependencies": {}
    },
    "packages_imported/kollections-atomic/3.2.3": {
      "version": "3.2.3",
      "devDependencies": {}
    },
    "packages_imported/kollections-primitive/3.1.14": {
      "name": "kollections-primitive",
      "version": "3.1.14",
      "extraneous": true,
      "devDependencies": {}
    },
    "packages_imported/kollections-primitive/3.2.2": {
      "name": "kollections-primitive",
      "version": "3.2.2",
      "extraneous": true,
      "devDependencies": {}
    },
    "packages_imported/kollections-primitive/3.2.3": {
      "version": "3.2.3",
      "devDependencies": {}
    },
    "packages_imported/kommander-coroutines/3.1.14": {
      "name": "kommander-coroutines",
      "version": "3.1.14",
      "extraneous": true,
      "devDependencies": {}
    },
    "packages_imported/kommander-coroutines/3.2.2": {
      "name": "kommander-coroutines",
      "version": "3.2.2",
      "extraneous": true,
      "devDependencies": {}
    },
    "packages_imported/kommander-coroutines/3.2.3": {
      "version": "3.2.3",
      "devDependencies": {}
    },
    "packages_imported/kotlinx-interoperable-exports/3.1.14": {
      "name": "kotlinx-interoperable-exports",
      "version": "3.1.14",
      "extraneous": true,
      "devDependencies": {}
    },
    "packages_imported/kotlinx-interoperable-exports/3.2.2": {
      "name": "kotlinx-interoperable-exports",
      "version": "3.2.2",
      "extraneous": true,
      "devDependencies": {}
    },
    "packages_imported/kotlinx-interoperable-exports/3.2.3": {
      "version": "3.2.3",
      "devDependencies": {}
    },
    "packages/koncurrent-awaited-core": {
      "version": "3.2.3",
      "devDependencies": {}
    },
    "packages/koncurrent-awaited-core-test": {
      "version": "3.2.3",
      "devDependencies": {}
    },
    "packages/koncurrent-awaited-coroutines": {
      "version": "3.2.3",
      "devDependencies": {}
    },
    "packages/koncurrent-awaited-coroutines-test": {
      "version": "3.2.3",
      "devDependencies": {}
    },
    "packages/koncurrent-awaited-test": {
      "version": "3.2.3",
      "devDependencies": {}
    },
    "packages/koncurrent-awaited-test-test": {
      "version": "3.2.3",
      "devDependencies": {}
    },
    "packages/koncurrent-executors-core": {
      "version": "3.2.3",
      "devDependencies": {}
    },
    "packages/koncurrent-executors-core-test": {
      "version": "3.2.3",
      "devDependencies": {}
    },
    "packages/koncurrent-executors-coroutines": {
      "version": "3.2.3",
      "devDependencies": {}
    },
    "packages/koncurrent-executors-coroutines-test": {
      "version": "3.2.3",
      "devDependencies": {}
    },
    "packages/koncurrent-executors-mock": {
      "version": "3.2.3",
      "devDependencies": {}
    },
    "packages/koncurrent-executors-mock-test": {
      "version": "3.2.3",
      "devDependencies": {}
    },
    "packages/koncurrent-later-core": {
      "version": "3.2.3",
      "devDependencies": {}
    },
    "packages/koncurrent-later-core-test": {
      "version": "3.2.3",
      "devDependencies": {}
    },
    "packages/koncurrent-later-coroutines": {
      "version": "3.2.3",
      "devDependencies": {}
    },
    "packages/koncurrent-later-coroutines-test": {
      "version": "3.2.3",
      "devDependencies": {}
    },
    "packages/koncurrent-later-test": {
      "version": "3.2.3",
      "devDependencies": {}
    },
    "packages/koncurrent-later-test-test": {
      "version": "3.2.3",
      "devDependencies": {}
    },
    "packages/koncurrent-utils": {
      "version": "3.2.3",
      "devDependencies": {}
    },
    "packages/koncurrent-utils-test": {
      "version": "3.2.3",
      "devDependencies": {}
    }
  }
}
